
Microsoft Visual Studio Solution File, Format Version 12.00
Project("{FAE04EC0-301F-11D3-BF4B-00C04F79EFBC}") = "DLV_Api", "DLV_Api\DLV_Api.csproj", "{35647BF3-96F6-4A3D-A799-D59C2A118FA2}"
EndProject
Project("{FAE04EC0-301F-11D3-BF4B-00C04F79EFBC}") = "DLV_Api.Tests", "DLV_Api.Tests\DLV_Api.Tests.csproj", "{09F4E4A4-F115-40DA-A9E4-8C74FE3F3333}"
EndProject
Project("{FAE04EC0-301F-11D3-BF4B-00C04F79EFBC}") = "DLV", "DLV\DLV.csproj", "{9032583F-80BD-4BCF-A1E1-50617C73DF6A}"
EndProject
Global
	GlobalSection(SolutionConfigurationPlatforms) = preSolution
		Debug|Any CPU = Debug|Any CPU
		Release|Any CPU = Release|Any CPU
	EndGlobalSection
	GlobalSection(ProjectConfigurationPlatforms) = postSolution
		{35647BF3-96F6-4A3D-A799-D59C2A118FA2}.Debug|Any CPU.ActiveCfg = Debug|Any CPU
		{35647BF3-96F6-4A3D-A799-D59C2A118FA2}.Debug|Any CPU.Build.0 = Debug|Any CPU
		{35647BF3-96F6-4A3D-A799-D59C2A118FA2}.Release|Any CPU.ActiveCfg = Release|Any CPU
		{35647BF3-96F6-4A3D-A799-D59C2A118FA2}.Release|Any CPU.Build.0 = Release|Any CPU
		{09F4E4A4-F115-40DA-A9E4-8C74FE3F3333}.Debug|Any CPU.ActiveCfg = Debug|Any CPU
		{09F4E4A4-F115-40DA-A9E4-8C74FE3F3333}.Debug|Any CPU.Build.0 = Debug|Any CPU
		{09F4E4A4-F115-40DA-A9E4-8C74FE3F3333}.Release|Any CPU.ActiveCfg = Release|Any CPU
		{09F4E4A4-F115-40DA-A9E4-8C74FE3F3333}.Release|Any CPU.Build.0 = Release|Any CPU
		{9032583F-80BD-4BCF-A1E1-50617C73DF6A}.Debug|Any CPU.ActiveCfg = Debug|Any CPU
		{9032583F-80BD-4BCF-A1E1-50617C73DF6A}.Debug|Any CPU.Build.0 = Debug|Any CPU
		{9032583F-80BD-4BCF-A1E1-50617C73DF6A}.Release|Any CPU.ActiveCfg = Release|Any CPU
		{9032583F-80BD-4BCF-A1E1-50617C73DF6A}.Release|Any CPU.Build.0 = Release|Any CPU
	EndGlobalSection
EndGlobal
